
Microsoft Visual Studio Solution File, Format Version 12.00
# Visual Studio Version 17
VisualStudioVersion = 17.5.33627.172
MinimumVisualStudioVersion = 10.0.40219.1
Project("{FAE04EC0-301F-11D3-BF4B-00C04F79EFBC}") = "ManagerFields-System", "ManagerFields-System\ManagerFields-System.csproj", "{54F0A44A-9ED9-4138-91C4-39AF00162927}"
EndProject
Global
	GlobalSection(SolutionConfigurationPlatforms) = preSolution
		Debug|Any CPU = Debug|Any CPU
		Release|Any CPU = Release|Any CPU
	EndGlobalSection
	GlobalSection(ProjectConfigurationPlatforms) = postSolution
		{54F0A44A-9ED9-4138-91C4-39AF00162927}.Debug|Any CPU.ActiveCfg = Debug|Any CPU
		{54F0A44A-9ED9-4138-91C4-39AF00162927}.Debug|Any CPU.Build.0 = Debug|Any CPU
		{54F0A44A-9ED9-4138-91C4-39AF00162927}.Release|Any CPU.ActiveCfg = Release|Any CPU
		{54F0A44A-9ED9-4138-91C4-39AF00162927}.Release|Any CPU.Build.0 = Release|Any CPU
	EndGlobalSection
	GlobalSection(SolutionProperties) = preSolution
		HideSolutionNode = FALSE
	EndGlobalSection
	GlobalSection(ExtensibilityGlobals) = postSolution
		SolutionGuid = {CD129F47-876A-4B16-AD0D-493173233E26}
	EndGlobalSection
EndGlobal
